
Microsoft Visual Studio Solution File, Format Version 12.00
# Visual Studio Version 17
VisualStudioVersion = 17.4.33110.190
MinimumVisualStudioVersion = 10.0.40219.1
Project("{FAE04EC0-301F-11D3-BF4B-00C04F79EFBC}") = "labOOP00B", "labOOP00B\labOOP00B.csproj", "{EE982C94-B394-4D7F-BEF6-D7850C00FBFA}"
EndProject
Global
	GlobalSection(SolutionConfigurationPlatforms) = preSolution
		Debug|Any CPU = Debug|Any CPU
		Release|Any CPU = Release|Any CPU
	EndGlobalSection
	GlobalSection(ProjectConfigurationPlatforms) = postSolution
		{EE982C94-B394-4D7F-BEF6-D7850C00FBFA}.Debug|Any CPU.ActiveCfg = Debug|Any CPU
		{EE982C94-B394-4D7F-BEF6-D7850C00FBFA}.Debug|Any CPU.Build.0 = Debug|Any CPU
		{EE982C94-B394-4D7F-BEF6-D7850C00FBFA}.Release|Any CPU.ActiveCfg = Release|Any CPU
		{EE982C94-B394-4D7F-BEF6-D7850C00FBFA}.Release|Any CPU.Build.0 = Release|Any CPU
	EndGlobalSection
	GlobalSection(SolutionProperties) = preSolution
		HideSolutionNode = FALSE
	EndGlobalSection
	GlobalSection(ExtensibilityGlobals) = postSolution
		SolutionGuid = {1D71F4CD-52D5-48C4-8FE2-DBE52863C071}
	EndGlobalSection
EndGlobal
